// !$*UTF8*$!
{
	archiveVersion = 1;
	classes = {
	};
	objectVersion = 50;
	objects = {

/* Begin PBXBuildFile section */
		4150DD5726656854008CFAA7 /* AppDelegate.swift in Sources */ = {isa = PBXBuildFile; fileRef = 4150DD5626656854008CFAA7 /* AppDelegate.swift */; };
		4150DD5B26656854008CFAA7 /* ViewController.swift in Sources */ = {isa = PBXBuildFile; fileRef = 4150DD5A26656854008CFAA7 /* ViewController.swift */; };
		4150DD6326656859008CFAA7 /* LaunchScreen.storyboard in Resources */ = {isa = PBXBuildFile; fileRef = 4150DD6126656859008CFAA7 /* LaunchScreen.storyboard */; };
		4150DD6E2665685A008CFAA7 /* CoreAnimationPart2Tests.swift in Sources */ = {isa = PBXBuildFile; fileRef = 4150DD6D2665685A008CFAA7 /* CoreAnimationPart2Tests.swift */; };
		4150DD792665685A008CFAA7 /* CoreAnimationPart2UITests.swift in Sources */ = {isa = PBXBuildFile; fileRef = 4150DD782665685A008CFAA7 /* CoreAnimationPart2UITests.swift */; };
		4150DD9626656A4D008CFAA7 /* Assets.xcassets in Resources */ = {isa = PBXBuildFile; fileRef = 4150DD9526656A4D008CFAA7 /* Assets.xcassets */; };
		416216E72666500300953D5F /* tile09.png in Resources */ = {isa = PBXBuildFile; fileRef = 416216CA2666500300953D5F /* tile09.png */; };
		416216E82666500300953D5F /* tile08.png in Resources */ = {isa = PBXBuildFile; fileRef = 416216CB2666500300953D5F /* tile08.png */; };
		416216E92666500300953D5F /* tile016.png in Resources */ = {isa = PBXBuildFile; fileRef = 416216CC2666500300953D5F /* tile016.png */; };
		416216EA2666500300953D5F /* tile017.png in Resources */ = {isa = PBXBuildFile; fileRef = 416216CD2666500300953D5F /* tile017.png */; };
		416216EB2666500300953D5F /* tile015.png in Resources */ = {isa = PBXBuildFile; fileRef = 416216CE2666500300953D5F /* tile015.png */; };
		416216EC2666500300953D5F /* tile014.png in Resources */ = {isa = PBXBuildFile; fileRef = 416216CF2666500300953D5F /* tile014.png */; };
		416216ED2666500300953D5F /* tile028.png in Resources */ = {isa = PBXBuildFile; fileRef = 416216D02666500300953D5F /* tile028.png */; };
		416216EE2666500300953D5F /* tile010.png in Resources */ = {isa = PBXBuildFile; fileRef = 416216D12666500300953D5F /* tile010.png */; };
		416216EF2666500300953D5F /* tile011.png in Resources */ = {isa = PBXBuildFile; fileRef = 416216D22666500300953D5F /* tile011.png */; };
		416216F02666500300953D5F /* tile013.png in Resources */ = {isa = PBXBuildFile; fileRef = 416216D32666500300953D5F /* tile013.png */; };
		416216F12666500300953D5F /* tile012.png in Resources */ = {isa = PBXBuildFile; fileRef = 416216D42666500300953D5F /* tile012.png */; };
		416216F22666500300953D5F /* tile023.png in Resources */ = {isa = PBXBuildFile; fileRef = 416216D52666500300953D5F /* tile023.png */; };
		416216F32666500300953D5F /* tile022.png in Resources */ = {isa = PBXBuildFile; fileRef = 416216D62666500300953D5F /* tile022.png */; };
		416216F42666500300953D5F /* tile020.png in Resources */ = {isa = PBXBuildFile; fileRef = 416216D72666500300953D5F /* tile020.png */; };
		416216F52666500300953D5F /* tile021.png in Resources */ = {isa = PBXBuildFile; fileRef = 416216D82666500300953D5F /* tile021.png */; };
		416216F62666500300953D5F /* tile025.png in Resources */ = {isa = PBXBuildFile; fileRef = 416216D92666500300953D5F /* tile025.png */; };
		416216F72666500300953D5F /* tile019.png in Resources */ = {isa = PBXBuildFile; fileRef = 416216DA2666500300953D5F /* tile019.png */; };
		416216F82666500300953D5F /* tile018.png in Resources */ = {isa = PBXBuildFile; fileRef = 416216DB2666500300953D5F /* tile018.png */; };
		416216F92666500300953D5F /* tile024.png in Resources */ = {isa = PBXBuildFile; fileRef = 416216DC2666500300953D5F /* tile024.png */; };
		416216FA2666500300953D5F /* tile026.png in Resources */ = {isa = PBXBuildFile; fileRef = 416216DD2666500300953D5F /* tile026.png */; };
		416216FB2666500300953D5F /* tile027.png in Resources */ = {isa = PBXBuildFile; fileRef = 416216DE2666500300953D5F /* tile027.png */; };
		416216FC2666500300953D5F /* tile05.png in Resources */ = {isa = PBXBuildFile; fileRef = 416216DF2666500300953D5F /* tile05.png */; };
		416216FD2666500300953D5F /* tile04.png in Resources */ = {isa = PBXBuildFile; fileRef = 416216E02666500300953D5F /* tile04.png */; };
		416216FE2666500300953D5F /* tile06.png in Resources */ = {isa = PBXBuildFile; fileRef = 416216E12666500300953D5F /* tile06.png */; };
		416216FF2666500300953D5F /* tile07.png in Resources */ = {isa = PBXBuildFile; fileRef = 416216E22666500300953D5F /* tile07.png */; };
		416217002666500300953D5F /* tile03.png in Resources */ = {isa = PBXBuildFile; fileRef = 416216E32666500300953D5F /* tile03.png */; };
		416217012666500300953D5F /* tile02.png in Resources */ = {isa = PBXBuildFile; fileRef = 416216E42666500300953D5F /* tile02.png */; };
		416217022666500300953D5F /* tile00.png in Resources */ = {isa = PBXBuildFile; fileRef = 416216E52666500300953D5F /* tile00.png */; };
		416217032666500300953D5F /* tile01.png in Resources */ = {isa = PBXBuildFile; fileRef = 416216E62666500300953D5F /* tile01.png */; };
		41621708266650F800953D5F /* AnimationOneViewController.swift in Sources */ = {isa = PBXBuildFile; fileRef = 41621707266650F800953D5F /* AnimationOneViewController.swift */; };
		4162170D2666A07C00953D5F /* AnimationTwoViewController.swift in Sources */ = {isa = PBXBuildFile; fileRef = 4162170C2666A07C00953D5F /* AnimationTwoViewController.swift */; };
/* End PBXBuildFile section */

/* Begin PBXContainerItemProxy section */
		4150DD6A2665685A008CFAA7 /* PBXContainerItemProxy */ = {
			isa = PBXContainerItemProxy;
			containerPortal = 4150DD4B26656854008CFAA7 /* Project object */;
			proxyType = 1;
			remoteGlobalIDString = 4150DD5226656854008CFAA7;
			remoteInfo = CoreAnimationPart2;
		};
		4150DD752665685A008CFAA7 /* PBXContainerItemProxy */ = {
			isa = PBXContainerItemProxy;
			containerPortal = 4150DD4B26656854008CFAA7 /* Project object */;
			proxyType = 1;
			remoteGlobalIDString = 4150DD5226656854008CFAA7;
			remoteInfo = CoreAnimationPart2;
		};
/* End PBXContainerItemProxy section */

/* Begin PBXFileReference section */
		4150DD5326656854008CFAA7 /* CoreAnimationPart2.app */ = {isa = PBXFileReference; explicitFileType = wrapper.application; includeInIndex = 0; path = CoreAnimationPart2.app; sourceTree = BUILT_PRODUCTS_DIR; };
		4150DD5626656854008CFAA7 /* AppDelegate.swift */ = {isa = PBXFileReference; lastKnownFileType = sourcecode.swift; path = AppDelegate.swift; sourceTree = "<group>"; };
		4150DD5A26656854008CFAA7 /* ViewController.swift */ = {isa = PBXFileReference; lastKnownFileType = sourcecode.swift; path = ViewController.swift; sourceTree = "<group>"; };
		4150DD6226656859008CFAA7 /* Base */ = {isa = PBXFileReference; lastKnownFileType = file.storyboard; name = Base; path = Base.lproj/LaunchScreen.storyboard; sourceTree = "<group>"; };
		4150DD6426656859008CFAA7 /* Info.plist */ = {isa = PBXFileReference; lastKnownFileType = text.plist.xml; path = Info.plist; sourceTree = "<group>"; };
		4150DD692665685A008CFAA7 /* CoreAnimationPart2Tests.xctest */ = {isa = PBXFileReference; explicitFileType = wrapper.cfbundle; includeInIndex = 0; path = CoreAnimationPart2Tests.xctest; sourceTree = BUILT_PRODUCTS_DIR; };
		4150DD6D2665685A008CFAA7 /* CoreAnimationPart2Tests.swift */ = {isa = PBXFileReference; lastKnownFileType = sourcecode.swift; path = CoreAnimationPart2Tests.swift; sourceTree = "<group>"; };
		4150DD6F2665685A008CFAA7 /* Info.plist */ = {isa = PBXFileReference; lastKnownFileType = text.plist.xml; path = Info.plist; sourceTree = "<group>"; };
		4150DD742665685A008CFAA7 /* CoreAnimationPart2UITests.xctest */ = {isa = PBXFileReference; explicitFileType = wrapper.cfbundle; includeInIndex = 0; path = CoreAnimationPart2UITests.xctest; sourceTree = BUILT_PRODUCTS_DIR; };
		4150DD782665685A008CFAA7 /* CoreAnimationPart2UITests.swift */ = {isa = PBXFileReference; lastKnownFileType = sourcecode.swift; path = CoreAnimationPart2UITests.swift; sourceTree = "<group>"; };
		4150DD7A2665685A008CFAA7 /* Info.plist */ = {isa = PBXFileReference; lastKnownFileType = text.plist.xml; path = Info.plist; sourceTree = "<group>"; };
		4150DD9526656A4D008CFAA7 /* Assets.xcassets */ = {isa = PBXFileReference; lastKnownFileType = folder.assetcatalog; name = Assets.xcassets; path = ../../../../Downloads/DemoApp/Assets.xcassets; sourceTree = "<group>"; };
		416216CA2666500300953D5F /* tile09.png */ = {isa = PBXFileReference; lastKnownFileType = image.png; path = tile09.png; sourceTree = "<group>"; };
		416216CB2666500300953D5F /* tile08.png */ = {isa = PBXFileReference; lastKnownFileType = image.png; path = tile08.png; sourceTree = "<group>"; };
		416216CC2666500300953D5F /* tile016.png */ = {isa = PBXFileReference; lastKnownFileType = image.png; path = tile016.png; sourceTree = "<group>"; };
		416216CD2666500300953D5F /* tile017.png */ = {isa = PBXFileReference; lastKnownFileType = image.png; path = tile017.png; sourceTree = "<group>"; };
		416216CE2666500300953D5F /* tile015.png */ = {isa = PBXFileReference; lastKnownFileType = image.png; path = tile015.png; sourceTree = "<group>"; };
		416216CF2666500300953D5F /* tile014.png */ = {isa = PBXFileReference; lastKnownFileType = image.png; path = tile014.png; sourceTree = "<group>"; };
		416216D02666500300953D5F /* tile028.png */ = {isa = PBXFileReference; lastKnownFileType = image.png; path = tile028.png; sourceTree = "<group>"; };
		416216D12666500300953D5F /* tile010.png */ = {isa = PBXFileReference; lastKnownFileType = image.png; path = tile010.png; sourceTree = "<group>"; };
		416216D22666500300953D5F /* tile011.png */ = {isa = PBXFileReference; lastKnownFileType = image.png; path = tile011.png; sourceTree = "<group>"; };
		416216D32666500300953D5F /* tile013.png */ = {isa = PBXFileReference; lastKnownFileType = image.png; path = tile013.png; sourceTree = "<group>"; };
		416216D42666500300953D5F /* tile012.png */ = {isa = PBXFileReference; lastKnownFileType = image.png; path = tile012.png; sourceTree = "<group>"; };
		416216D52666500300953D5F /* tile023.png */ = {isa = PBXFileReference; lastKnownFileType = image.png; path = tile023.png; sourceTree = "<group>"; };
		416216D62666500300953D5F /* tile022.png */ = {isa = PBXFileReference; lastKnownFileType = image.png; path = tile022.png; sourceTree = "<group>"; };
		416216D72666500300953D5F /* tile020.png */ = {isa = PBXFileReference; lastKnownFileType = image.png; path = tile020.png; sourceTree = "<group>"; };
		416216D82666500300953D5F /* tile021.png */ = {isa = PBXFileReference; lastKnownFileType = image.png; path = tile021.png; sourceTree = "<group>"; };
		416216D92666500300953D5F /* tile025.png */ = {isa = PBXFileReference; lastKnownFileType = image.png; path = tile025.png; sourceTree = "<group>"; };
		416216DA2666500300953D5F /* tile019.png */ = {isa = PBXFileReference; lastKnownFileType = image.png; path = tile019.png; sourceTree = "<group>"; };
		416216DB2666500300953D5F /* tile018.png */ = {isa = PBXFileReference; lastKnownFileType = image.png; path = tile018.png; sourceTree = "<group>"; };
		416216DC2666500300953D5F /* tile024.png */ = {isa = PBXFileReference; lastKnownFileType = image.png; path = tile024.png; sourceTree = "<group>"; };
		416216DD2666500300953D5F /* tile026.png */ = {isa = PBXFileReference; lastKnownFileType = image.png; path = tile026.png; sourceTree = "<group>"; };
		416216DE2666500300953D5F /* tile027.png */ = {isa = PBXFileReference; lastKnownFileType = image.png; path = tile027.png; sourceTree = "<group>"; };
		416216DF2666500300953D5F /* tile05.png */ = {isa = PBXFileReference; lastKnownFileType = image.png; path = tile05.png; sourceTree = "<group>"; };
		416216E02666500300953D5F /* tile04.png */ = {isa = PBXFileReference; lastKnownFileType = image.png; path = tile04.png; sourceTree = "<group>"; };
		416216E12666500300953D5F /* tile06.png */ = {isa = PBXFileReference; lastKnownFileType = image.png; path = tile06.png; sourceTree = "<group>"; };
		416216E22666500300953D5F /* tile07.png */ = {isa = PBXFileReference; lastKnownFileType = image.png; path = tile07.png; sourceTree = "<group>"; };
		416216E32666500300953D5F /* tile03.png */ = {isa = PBXFileReference; lastKnownFileType = image.png; path = tile03.png; sourceTree = "<group>"; };
		416216E42666500300953D5F /* tile02.png */ = {isa = PBXFileReference; lastKnownFileType = image.png; path = tile02.png; sourceTree = "<group>"; };
		416216E52666500300953D5F /* tile00.png */ = {isa = PBXFileReference; lastKnownFileType = image.png; path = tile00.png; sourceTree = "<group>"; };
		416216E62666500300953D5F /* tile01.png */ = {isa = PBXFileReference; lastKnownFileType = image.png; path = tile01.png; sourceTree = "<group>"; };
		41621707266650F800953D5F /* AnimationOneViewController.swift */ = {isa = PBXFileReference; lastKnownFileType = sourcecode.swift; path = AnimationOneViewController.swift; sourceTree = "<group>"; };
		4162170C2666A07C00953D5F /* AnimationTwoViewController.swift */ = {isa = PBXFileReference; lastKnownFileType = sourcecode.swift; path = AnimationTwoViewController.swift; sourceTree = "<group>"; };
/* End PBXFileReference section */

/* Begin PBXFrameworksBuildPhase section */
		4150DD5026656854008CFAA7 /* Frameworks */ = {
			isa = PBXFrameworksBuildPhase;
			buildActionMask = 2147483647;
			files = (
			);
			runOnlyForDeploymentPostprocessing = 0;
		};
		4150DD662665685A008CFAA7 /* Frameworks */ = {
			isa = PBXFrameworksBuildPhase;
			buildActionMask = 2147483647;
			files = (
			);
			runOnlyForDeploymentPostprocessing = 0;
		};
		4150DD712665685A008CFAA7 /* Frameworks */ = {
			isa = PBXFrameworksBuildPhase;
			buildActionMask = 2147483647;
			files = (
			);
			runOnlyForDeploymentPostprocessing = 0;
		};
/* End PBXFrameworksBuildPhase section */

/* Begin PBXGroup section */
		4150DD4A26656854008CFAA7 = {
			isa = PBXGroup;
			children = (
				4150DD5526656854008CFAA7 /* CoreAnimationPart2 */,
				4150DD6C2665685A008CFAA7 /* CoreAnimationPart2Tests */,
				4150DD772665685A008CFAA7 /* CoreAnimationPart2UITests */,
				4150DD5426656854008CFAA7 /* Products */,
			);
			sourceTree = "<group>";
		};
		4150DD5426656854008CFAA7 /* Products */ = {
			isa = PBXGroup;
			children = (
				4150DD5326656854008CFAA7 /* CoreAnimationPart2.app */,
				4150DD692665685A008CFAA7 /* CoreAnimationPart2Tests.xctest */,
				4150DD742665685A008CFAA7 /* CoreAnimationPart2UITests.xctest */,
			);
			name = Products;
			sourceTree = "<group>";
		};
		4150DD5526656854008CFAA7 /* CoreAnimationPart2 */ = {
			isa = PBXGroup;
			children = (
				416216C52666464800953D5F /* Scenes */,
				4150DD5626656854008CFAA7 /* AppDelegate.swift */,
				4150DD5A26656854008CFAA7 /* ViewController.swift */,
				4150DD9526656A4D008CFAA7 /* Assets.xcassets */,
				4150DD6126656859008CFAA7 /* LaunchScreen.storyboard */,
				4150DD6426656859008CFAA7 /* Info.plist */,
			);
			path = CoreAnimationPart2;
			sourceTree = "<group>";
		};
		4150DD6C2665685A008CFAA7 /* CoreAnimationPart2Tests */ = {
			isa = PBXGroup;
			children = (
				4150DD6D2665685A008CFAA7 /* CoreAnimationPart2Tests.swift */,
				4150DD6F2665685A008CFAA7 /* Info.plist */,
			);
			path = CoreAnimationPart2Tests;
			sourceTree = "<group>";
		};
		4150DD772665685A008CFAA7 /* CoreAnimationPart2UITests */ = {
			isa = PBXGroup;
			children = (
				4150DD782665685A008CFAA7 /* CoreAnimationPart2UITests.swift */,
				4150DD7A2665685A008CFAA7 /* Info.plist */,
			);
			path = CoreAnimationPart2UITests;
			sourceTree = "<group>";
		};
		416216C52666464800953D5F /* Scenes */ = {
			isa = PBXGroup;
			children = (
				416216C92666500300953D5F /* heartsprite */,
				41621707266650F800953D5F /* AnimationOneViewController.swift */,
				4162170C2666A07C00953D5F /* AnimationTwoViewController.swift */,
			);
			path = Scenes;
			sourceTree = "<group>";
		};
		416216C92666500300953D5F /* heartsprite */ = {
			isa = PBXGroup;
			children = (
				416216CA2666500300953D5F /* tile09.png */,
				416216CB2666500300953D5F /* tile08.png */,
				416216CC2666500300953D5F /* tile016.png */,
				416216CD2666500300953D5F /* tile017.png */,
				416216CE2666500300953D5F /* tile015.png */,
				416216CF2666500300953D5F /* tile014.png */,
				416216D02666500300953D5F /* tile028.png */,
				416216D12666500300953D5F /* tile010.png */,
				416216D22666500300953D5F /* tile011.png */,
				416216D32666500300953D5F /* tile013.png */,
				416216D42666500300953D5F /* tile012.png */,
				416216D52666500300953D5F /* tile023.png */,
				416216D62666500300953D5F /* tile022.png */,
				416216D72666500300953D5F /* tile020.png */,
				416216D82666500300953D5F /* tile021.png */,
				416216D92666500300953D5F /* tile025.png */,
				416216DA2666500300953D5F /* tile019.png */,
				416216DB2666500300953D5F /* tile018.png */,
				416216DC2666500300953D5F /* tile024.png */,
				416216DD2666500300953D5F /* tile026.png */,
				416216DE2666500300953D5F /* tile027.png */,
				416216DF2666500300953D5F /* tile05.png */,
				416216E02666500300953D5F /* tile04.png */,
				416216E12666500300953D5F /* tile06.png */,
				416216E22666500300953D5F /* tile07.png */,
				416216E32666500300953D5F /* tile03.png */,
				416216E42666500300953D5F /* tile02.png */,
				416216E52666500300953D5F /* tile00.png */,
				416216E62666500300953D5F /* tile01.png */,
			);
			path = heartsprite;
			sourceTree = "<group>";
		};
/* End PBXGroup section */

/* Begin PBXNativeTarget section */
		4150DD5226656854008CFAA7 /* CoreAnimationPart2 */ = {
			isa = PBXNativeTarget;
			buildConfigurationList = 4150DD7D2665685A008CFAA7 /* Build configuration list for PBXNativeTarget "CoreAnimationPart2" */;
			buildPhases = (
				4150DD4F26656854008CFAA7 /* Sources */,
				4150DD5026656854008CFAA7 /* Frameworks */,
				4150DD5126656854008CFAA7 /* Resources */,
			);
			buildRules = (
			);
			dependencies = (
			);
			name = CoreAnimationPart2;
			productName = CoreAnimationPart2;
			productReference = 4150DD5326656854008CFAA7 /* CoreAnimationPart2.app */;
			productType = "com.apple.product-type.application";
		};
		4150DD682665685A008CFAA7 /* CoreAnimationPart2Tests */ = {
			isa = PBXNativeTarget;
			buildConfigurationList = 4150DD802665685A008CFAA7 /* Build configuration list for PBXNativeTarget "CoreAnimationPart2Tests" */;
			buildPhases = (
				4150DD652665685A008CFAA7 /* Sources */,
				4150DD662665685A008CFAA7 /* Frameworks */,
				4150DD672665685A008CFAA7 /* Resources */,
			);
			buildRules = (
			);
			dependencies = (
				4150DD6B2665685A008CFAA7 /* PBXTargetDependency */,
			);
			name = CoreAnimationPart2Tests;
			productName = CoreAnimationPart2Tests;
			productReference = 4150DD692665685A008CFAA7 /* CoreAnimationPart2Tests.xctest */;
			productType = "com.apple.product-type.bundle.unit-test";
		};
		4150DD732665685A008CFAA7 /* CoreAnimationPart2UITests */ = {
			isa = PBXNativeTarget;
			buildConfigurationList = 4150DD832665685A008CFAA7 /* Build configuration list for PBXNativeTarget "CoreAnimationPart2UITests" */;
			buildPhases = (
				4150DD702665685A008CFAA7 /* Sources */,
				4150DD712665685A008CFAA7 /* Frameworks */,
				4150DD722665685A008CFAA7 /* Resources */,
			);
			buildRules = (
			);
			dependencies = (
				4150DD762665685A008CFAA7 /* PBXTargetDependency */,
			);
			name = CoreAnimationPart2UITests;
			productName = CoreAnimationPart2UITests;
			productReference = 4150DD742665685A008CFAA7 /* CoreAnimationPart2UITests.xctest */;
			productType = "com.apple.product-type.bundle.ui-testing";
		};
/* End PBXNativeTarget section */

/* Begin PBXProject section */
		4150DD4B26656854008CFAA7 /* Project object */ = {
			isa = PBXProject;
			attributes = {
				LastSwiftUpdateCheck = 1220;
				LastUpgradeCheck = 1220;
				TargetAttributes = {
					4150DD5226656854008CFAA7 = {
						CreatedOnToolsVersion = 12.2;
					};
					4150DD682665685A008CFAA7 = {
						CreatedOnToolsVersion = 12.2;
						TestTargetID = 4150DD5226656854008CFAA7;
					};
					4150DD732665685A008CFAA7 = {
						CreatedOnToolsVersion = 12.2;
						TestTargetID = 4150DD5226656854008CFAA7;
					};
				};
			};
			buildConfigurationList = 4150DD4E26656854008CFAA7 /* Build configuration list for PBXProject "CoreAnimationPart2" */;
			compatibilityVersion = "Xcode 9.3";
			developmentRegion = en;
			hasScannedForEncodings = 0;
			knownRegions = (
				en,
				Base,
			);
			mainGroup = 4150DD4A26656854008CFAA7;
			productRefGroup = 4150DD5426656854008CFAA7 /* Products */;
			projectDirPath = "";
			projectRoot = "";
			targets = (
				4150DD5226656854008CFAA7 /* CoreAnimationPart2 */,
				4150DD682665685A008CFAA7 /* CoreAnimationPart2Tests */,
				4150DD732665685A008CFAA7 /* CoreAnimationPart2UITests */,
			);
		};
/* End PBXProject section */

/* Begin PBXResourcesBuildPhase section */
		4150DD5126656854008CFAA7 /* Resources */ = {
			isa = PBXResourcesBuildPhase;
			buildActionMask = 2147483647;
			files = (
				416216F52666500300953D5F /* tile021.png in Resources */,
				416216F12666500300953D5F /* tile012.png in Resources */,
				416216E72666500300953D5F /* tile09.png in Resources */,
				416217022666500300953D5F /* tile00.png in Resources */,
				416216FD2666500300953D5F /* tile04.png in Resources */,
				416216EC2666500300953D5F /* tile014.png in Resources */,
				416217012666500300953D5F /* tile02.png in Resources */,
				416216FF2666500300953D5F /* tile07.png in Resources */,
				416216ED2666500300953D5F /* tile028.png in Resources */,
				4150DD6326656859008CFAA7 /* LaunchScreen.storyboard in Resources */,
				416216EA2666500300953D5F /* tile017.png in Resources */,
				416216EE2666500300953D5F /* tile010.png in Resources */,
				416217002666500300953D5F /* tile03.png in Resources */,
				416217032666500300953D5F /* tile01.png in Resources */,
				416216F22666500300953D5F /* tile023.png in Resources */,
				4150DD9626656A4D008CFAA7 /* Assets.xcassets in Resources */,
				416216FE2666500300953D5F /* tile06.png in Resources */,
				416216E82666500300953D5F /* tile08.png in Resources */,
				416216F62666500300953D5F /* tile025.png in Resources */,
				416216FB2666500300953D5F /* tile027.png in Resources */,
				416216F02666500300953D5F /* tile013.png in Resources */,
				416216F32666500300953D5F /* tile022.png in Resources */,
				416216FA2666500300953D5F /* tile026.png in Resources */,
				416216FC2666500300953D5F /* tile05.png in Resources */,
				416216EB2666500300953D5F /* tile015.png in Resources */,
				416216E92666500300953D5F /* tile016.png in Resources */,
				416216F42666500300953D5F /* tile020.png in Resources */,
				416216F92666500300953D5F /* tile024.png in Resources */,
				416216F82666500300953D5F /* tile018.png in Resources */,
				416216F72666500300953D5F /* tile019.png in Resources */,
				416216EF2666500300953D5F /* tile011.png in Resources */,
			);
			runOnlyForDeploymentPostprocessing = 0;
		};
		4150DD672665685A008CFAA7 /* Resources */ = {
			isa = PBXResourcesBuildPhase;
			buildActionMask = 2147483647;
			files = (
			);
			runOnlyForDeploymentPostprocessing = 0;
		};
		4150DD722665685A008CFAA7 /* Resources */ = {
			isa = PBXResourcesBuildPhase;
			buildActionMask = 2147483647;
			files = (
			);
			runOnlyForDeploymentPostprocessing = 0;
		};
/* End PBXResourcesBuildPhase section */

/* Begin PBXSourcesBuildPhase section */
		4150DD4F26656854008CFAA7 /* Sources */ = {
			isa = PBXSourcesBuildPhase;
			buildActionMask = 2147483647;
			files = (
				4162170D2666A07C00953D5F /* AnimationTwoViewController.swift in Sources */,
				4150DD5B26656854008CFAA7 /* ViewController.swift in Sources */,
				41621708266650F800953D5F /* AnimationOneViewController.swift in Sources */,
				4150DD5726656854008CFAA7 /* AppDelegate.swift in Sources */,
			);
			runOnlyForDeploymentPostprocessing = 0;
		};
		4150DD652665685A008CFAA7 /* Sources */ = {
			isa = PBXSourcesBuildPhase;
			buildActionMask = 2147483647;
			files = (
				4150DD6E2665685A008CFAA7 /* CoreAnimationPart2Tests.swift in Sources */,
			);
			runOnlyForDeploymentPostprocessing = 0;
		};
		4150DD702665685A008CFAA7 /* Sources */ = {
			isa = PBXSourcesBuildPhase;
			buildActionMask = 2147483647;
			files = (
				4150DD792665685A008CFAA7 /* CoreAnimationPart2UITests.swift in Sources */,
			);
			runOnlyForDeploymentPostprocessing = 0;
		};
/* End PBXSourcesBuildPhase section */

/* Begin PBXTargetDependency section */
		4150DD6B2665685A008CFAA7 /* PBXTargetDependency */ = {
			isa = PBXTargetDependency;
			target = 4150DD5226656854008CFAA7 /* CoreAnimationPart2 */;
			targetProxy = 4150DD6A2665685A008CFAA7 /* PBXContainerItemProxy */;
		};
		4150DD762665685A008CFAA7 /* PBXTargetDependency */ = {
			isa = PBXTargetDependency;
			target = 4150DD5226656854008CFAA7 /* CoreAnimationPart2 */;
			targetProxy = 4150DD752665685A008CFAA7 /* PBXContainerItemProxy */;
		};
/* End PBXTargetDependency section */

/* Begin PBXVariantGroup section */
		4150DD6126656859008CFAA7 /* LaunchScreen.storyboard */ = {
			isa = PBXVariantGroup;
			children = (
				4150DD6226656859008CFAA7 /* Base */,
			);
			name = LaunchScreen.storyboard;
			sourceTree = "<group>";
		};
/* End PBXVariantGroup section */

/* Begin XCBuildConfiguration section */
		4150DD7B2665685A008CFAA7 /* Debug */ = {
			isa = XCBuildConfiguration;
			buildSettings = {
				ALWAYS_SEARCH_USER_PATHS = NO;
				CLANG_ANALYZER_NONNULL = YES;
				CLANG_ANALYZER_NUMBER_OBJECT_CONVERSION = YES_AGGRESSIVE;
				CLANG_CXX_LANGUAGE_STANDARD = "gnu++14";
				CLANG_CXX_LIBRARY = "libc++";
				CLANG_ENABLE_MODULES = YES;
				CLANG_ENABLE_OBJC_ARC = YES;
				CLANG_ENABLE_OBJC_WEAK = YES;
				CLANG_WARN_BLOCK_CAPTURE_AUTORELEASING = YES;
				CLANG_WARN_BOOL_CONVERSION = YES;
				CLANG_WARN_COMMA = YES;
				CLANG_WARN_CONSTANT_CONVERSION = YES;
				CLANG_WARN_DEPRECATED_OBJC_IMPLEMENTATIONS = YES;
				CLANG_WARN_DIRECT_OBJC_ISA_USAGE = YES_ERROR;
				CLANG_WARN_DOCUMENTATION_COMMENTS = YES;
				CLANG_WARN_EMPTY_BODY = YES;
				CLANG_WARN_ENUM_CONVERSION = YES;
				CLANG_WARN_INFINITE_RECURSION = YES;
				CLANG_WARN_INT_CONVERSION = YES;
				CLANG_WARN_NON_LITERAL_NULL_CONVERSION = YES;
				CLANG_WARN_OBJC_IMPLICIT_RETAIN_SELF = YES;
				CLANG_WARN_OBJC_LITERAL_CONVERSION = YES;
				CLANG_WARN_OBJC_ROOT_CLASS = YES_ERROR;
				CLANG_WARN_QUOTED_INCLUDE_IN_FRAMEWORK_HEADER = YES;
				CLANG_WARN_RANGE_LOOP_ANALYSIS = YES;
				CLANG_WARN_STRICT_PROTOTYPES = YES;
				CLANG_WARN_SUSPICIOUS_MOVE = YES;
				CLANG_WARN_UNGUARDED_AVAILABILITY = YES_AGGRESSIVE;
				CLANG_WARN_UNREACHABLE_CODE = YES;
				CLANG_WARN__DUPLICATE_METHOD_MATCH = YES;
				COPY_PHASE_STRIP = NO;
				DEBUG_INFORMATION_FORMAT = dwarf;
				ENABLE_STRICT_OBJC_MSGSEND = YES;
				ENABLE_TESTABILITY = YES;
				GCC_C_LANGUAGE_STANDARD = gnu11;
				GCC_DYNAMIC_NO_PIC = NO;
				GCC_NO_COMMON_BLOCKS = YES;
				GCC_OPTIMIZATION_LEVEL = 0;
				GCC_PREPROCESSOR_DEFINITIONS = (
					"DEBUG=1",
					"$(inherited)",
				);
				GCC_WARN_64_TO_32_BIT_CONVERSION = YES;
				GCC_WARN_ABOUT_RETURN_TYPE = YES_ERROR;
				GCC_WARN_UNDECLARED_SELECTOR = YES;
				GCC_WARN_UNINITIALIZED_AUTOS = YES_AGGRESSIVE;
				GCC_WARN_UNUSED_FUNCTION = YES;
				GCC_WARN_UNUSED_VARIABLE = YES;
				IPHONEOS_DEPLOYMENT_TARGET = 12.4;
				MTL_ENABLE_DEBUG_INFO = INCLUDE_SOURCE;
				MTL_FAST_MATH = YES;
				ONLY_ACTIVE_ARCH = YES;
				SDKROOT = iphoneos;
				SWIFT_ACTIVE_COMPILATION_CONDITIONS = DEBUG;
				SWIFT_OPTIMIZATION_LEVEL = "-Onone";
			};
			name = Debug;
		};
		4150DD7C2665685A008CFAA7 /* Release */ = {
			isa = XCBuildConfiguration;
			buildSettings = {
				ALWAYS_SEARCH_USER_PATHS = NO;
				CLANG_ANALYZER_NONNULL = YES;
				CLANG_ANALYZER_NUMBER_OBJECT_CONVERSION = YES_AGGRESSIVE;
				CLANG_CXX_LANGUAGE_STANDARD = "gnu++14";
				CLANG_CXX_LIBRARY = "libc++";
				CLANG_ENABLE_MODULES = YES;
				CLANG_ENABLE_OBJC_ARC = YES;
				CLANG_ENABLE_OBJC_WEAK = YES;
				CLANG_WARN_BLOCK_CAPTURE_AUTORELEASING = YES;
				CLANG_WARN_BOOL_CONVERSION = YES;
				CLANG_WARN_COMMA = YES;
				CLANG_WARN_CONSTANT_CONVERSION = YES;
				CLANG_WARN_DEPRECATED_OBJC_IMPLEMENTATIONS = YES;
				CLANG_WARN_DIRECT_OBJC_ISA_USAGE = YES_ERROR;
				CLANG_WARN_DOCUMENTATION_COMMENTS = YES;
				CLANG_WARN_EMPTY_BODY = YES;
				CLANG_WARN_ENUM_CONVERSION = YES;
				CLANG_WARN_INFINITE_RECURSION = YES;
				CLANG_WARN_INT_CONVERSION = YES;
				CLANG_WARN_NON_LITERAL_NULL_CONVERSION = YES;
				CLANG_WARN_OBJC_IMPLICIT_RETAIN_SELF = YES;
				CLANG_WARN_OBJC_LITERAL_CONVERSION = YES;
				CLANG_WARN_OBJC_ROOT_CLASS = YES_ERROR;
				CLANG_WARN_QUOTED_INCLUDE_IN_FRAMEWORK_HEADER = YES;
				CLANG_WARN_RANGE_LOOP_ANALYSIS = YES;
				CLANG_WARN_STRICT_PROTOTYPES = YES;
				CLANG_WARN_SUSPICIOUS_MOVE = YES;
				CLANG_WARN_UNGUARDED_AVAILABILITY = YES_AGGRESSIVE;
				CLANG_WARN_UNREACHABLE_CODE = YES;
				CLANG_WARN__DUPLICATE_METHOD_MATCH = YES;
				COPY_PHASE_STRIP = NO;
				DEBUG_INFORMATION_FORMAT = "dwarf-with-dsym";
				ENABLE_NS_ASSERTIONS = NO;
				ENABLE_STRICT_OBJC_MSGSEND = YES;
				GCC_C_LANGUAGE_STANDARD = gnu11;
				GCC_NO_COMMON_BLOCKS = YES;
				GCC_WARN_64_TO_32_BIT_CONVERSION = YES;
				GCC_WARN_ABOUT_RETURN_TYPE = YES_ERROR;
				GCC_WARN_UNDECLARED_SELECTOR = YES;
				GCC_WARN_UNINITIALIZED_AUTOS = YES_AGGRESSIVE;
				GCC_WARN_UNUSED_FUNCTION = YES;
				GCC_WARN_UNUSED_VARIABLE = YES;
				IPHONEOS_DEPLOYMENT_TARGET = 12.4;
				MTL_ENABLE_DEBUG_INFO = NO;
				MTL_FAST_MATH = YES;
				SDKROOT = iphoneos;
				SWIFT_COMPILATION_MODE = wholemodule;
				SWIFT_OPTIMIZATION_LEVEL = "-O";
				VALIDATE_PRODUCT = YES;
			};
			name = Release;
		};
		4150DD7E2665685A008CFAA7 /* Debug */ = {
			isa = XCBuildConfiguration;
			buildSettings = {
				ASSETCATALOG_COMPILER_APPICON_NAME = AppIcon;
				ASSETCATALOG_COMPILER_GLOBAL_ACCENT_COLOR_NAME = AccentColor;
				CODE_SIGN_STYLE = Automatic;
				DEVELOPMENT_TEAM = CPDNCAZJQ6;
				INFOPLIST_FILE = CoreAnimationPart2/Info.plist;
				LD_RUNPATH_SEARCH_PATHS = (
					"$(inherited)",
					"@executable_path/Frameworks",
				);
				PRODUCT_BUNDLE_IDENTIFIER = com.renatomateusx.CoreAnimationPart2;
				PRODUCT_NAME = "$(TARGET_NAME)";
				SWIFT_VERSION = 5.0;
				TARGETED_DEVICE_FAMILY = "1,2";
			};
			name = Debug;
		};
		4150DD7F2665685A008CFAA7 /* Release */ = {
			isa = XCBuildConfiguration;
			buildSettings = {
				ASSETCATALOG_COMPILER_APPICON_NAME = AppIcon;
				ASSETCATALOG_COMPILER_GLOBAL_ACCENT_COLOR_NAME = AccentColor;
				CODE_SIGN_STYLE = Automatic;
				DEVELOPMENT_TEAM = CPDNCAZJQ6;
				INFOPLIST_FILE = CoreAnimationPart2/Info.plist;
				LD_RUNPATH_SEARCH_PATHS = (
					"$(inherited)",
					"@executable_path/Frameworks",
				);
				PRODUCT_BUNDLE_IDENTIFIER = com.renatomateusx.CoreAnimationPart2;
				PRODUCT_NAME = "$(TARGET_NAME)";
				SWIFT_VERSION = 5.0;
				TARGETED_DEVICE_FAMILY = "1,2";
			};
			name = Release;
		};
		4150DD812665685A008CFAA7 /* Debug */ = {
			isa = XCBuildConfiguration;
			buildSettings = {
				ALWAYS_EMBED_SWIFT_STANDARD_LIBRARIES = YES;
				BUNDLE_LOADER = "$(TEST_HOST)";
				CODE_SIGN_STYLE = Automatic;
				DEVELOPMENT_TEAM = CPDNCAZJQ6;
				INFOPLIST_FILE = CoreAnimationPart2Tests/Info.plist;
				IPHONEOS_DEPLOYMENT_TARGET = 14.2;
				LD_RUNPATH_SEARCH_PATHS = (
					"$(inherited)",
					"@executable_path/Frameworks",
					"@loader_path/Frameworks",
				);
				PRODUCT_BUNDLE_IDENTIFIER = com.renatomateusx.CoreAnimationPart2Tests;
				PRODUCT_NAME = "$(TARGET_NAME)";
				SWIFT_VERSION = 5.0;
				TARGETED_DEVICE_FAMILY = "1,2";
				TEST_HOST = "$(BUILT_PRODUCTS_DIR)/CoreAnimationPart2.app/CoreAnimationPart2";
			};
			name = Debug;
		};
		4150DD822665685A008CFAA7 /* Release */ = {
			isa = XCBuildConfiguration;
			buildSettings = {
				ALWAYS_EMBED_SWIFT_STANDARD_LIBRARIES = YES;
				BUNDLE_LOADER = "$(TEST_HOST)";
				CODE_SIGN_STYLE = Automatic;
				DEVELOPMENT_TEAM = CPDNCAZJQ6;
				INFOPLIST_FILE = CoreAnimationPart2Tests/Info.plist;
				IPHONEOS_DEPLOYMENT_TARGET = 14.2;
				LD_RUNPATH_SEARCH_PATHS = (
					"$(inherited)",
					"@executable_path/Frameworks",
					"@loader_path/Frameworks",
				);
				PRODUCT_BUNDLE_IDENTIFIER = com.renatomateusx.CoreAnimationPart2Tests;
				PRODUCT_NAME = "$(TARGET_NAME)";
				SWIFT_VERSION = 5.0;
				TARGETED_DEVICE_FAMILY = "1,2";
				TEST_HOST = "$(BUILT_PRODUCTS_DIR)/CoreAnimationPart2.app/CoreAnimationPart2";
			};
			name = Release;
		};
		4150DD842665685A008CFAA7 /* Debug */ = {
			isa = XCBuildConfiguration;
			buildSettings = {
				ALWAYS_EMBED_SWIFT_STANDARD_LIBRARIES = YES;
				CODE_SIGN_STYLE = Automatic;
				DEVELOPMENT_TEAM = CPDNCAZJQ6;
				INFOPLIST_FILE = CoreAnimationPart2UITests/Info.plist;
				LD_RUNPATH_SEARCH_PATHS = (
					"$(inherited)",
					"@executable_path/Frameworks",
					"@loader_path/Frameworks",
				);
				PRODUCT_BUNDLE_IDENTIFIER = com.renatomateusx.CoreAnimationPart2UITests;
				PRODUCT_NAME = "$(TARGET_NAME)";
				SWIFT_VERSION = 5.0;
				TARGETED_DEVICE_FAMILY = "1,2";
				TEST_TARGET_NAME = CoreAnimationPart2;
			};
			name = Debug;
		};
		4150DD852665685A008CFAA7 /* Release */ = {
			isa = XCBuildConfiguration;
			buildSettings = {
				ALWAYS_EMBED_SWIFT_STANDARD_LIBRARIES = YES;
				CODE_SIGN_STYLE = Automatic;
				DEVELOPMENT_TEAM = CPDNCAZJQ6;
				INFOPLIST_FILE = CoreAnimationPart2UITests/Info.plist;
				LD_RUNPATH_SEARCH_PATHS = (
					"$(inherited)",
					"@executable_path/Frameworks",
					"@loader_path/Frameworks",
				);
				PRODUCT_BUNDLE_IDENTIFIER = com.renatomateusx.CoreAnimationPart2UITests;
				PRODUCT_NAME = "$(TARGET_NAME)";
				SWIFT_VERSION = 5.0;
				TARGETED_DEVICE_FAMILY = "1,2";
				TEST_TARGET_NAME = CoreAnimationPart2;
			};
			name = Release;
		};
/* End XCBuildConfiguration section */

/* Begin XCConfigurationList section */
		4150DD4E26656854008CFAA7 /* Build configuration list for PBXProject "CoreAnimationPart2" */ = {
			isa = XCConfigurationList;
			buildConfigurations = (
				4150DD7B2665685A008CFAA7 /* Debug */,
				4150DD7C2665685A008CFAA7 /* Release */,
			);
			defaultConfigurationIsVisible = 0;
			defaultConfigurationName = Release;
		};
		4150DD7D2665685A008CFAA7 /* Build configuration list for PBXNativeTarget "CoreAnimationPart2" */ = {
			isa = XCConfigurationList;
			buildConfigurations = (
				4150DD7E2665685A008CFAA7 /* Debug */,
				4150DD7F2665685A008CFAA7 /* Release */,
			);
			defaultConfigurationIsVisible = 0;
			defaultConfigurationName = Release;
		};
		4150DD802665685A008CFAA7 /* Build configuration list for PBXNativeTarget "CoreAnimationPart2Tests" */ = {
			isa = XCConfigurationList;
			buildConfigurations = (
				4150DD812665685A008CFAA7 /* Debug */,
				4150DD822665685A008CFAA7 /* Release */,
			);
			defaultConfigurationIsVisible = 0;
			defaultConfigurationName = Release;
		};
		4150DD832665685A008CFAA7 /* Build configuration list for PBXNativeTarget "CoreAnimationPart2UITests" */ = {
			isa = XCConfigurationList;
			buildConfigurations = (
				4150DD842665685A008CFAA7 /* Debug */,
				4150DD852665685A008CFAA7 /* Release */,
			);
			defaultConfigurationIsVisible = 0;
			defaultConfigurationName = Release;
		};
/* End XCConfigurationList section */
	};
	rootObject = 4150DD4B26656854008CFAA7 /* Project object */;
}
